
Microsoft Visual Studio Solution File, Format Version 12.00
# Visual Studio 15
VisualStudioVersion = 15.0.28307.779
MinimumVisualStudioVersion = 10.0.40219.1
Project("{FAE04EC0-301F-11D3-BF4B-00C04F79EFBC}") = "Blackjack", "Blackjack\Blackjack.csproj", "{913D2F9C-8CB7-46B3-A836-73974FBEEBCB}"
EndProject
Global
	GlobalSection(SolutionConfigurationPlatforms) = preSolution
		Debug|Any CPU = Debug|Any CPU
		Release|Any CPU = Release|Any CPU
	EndGlobalSection
	GlobalSection(ProjectConfigurationPlatforms) = postSolution
		{913D2F9C-8CB7-46B3-A836-73974FBEEBCB}.Debug|Any CPU.ActiveCfg = Debug|Any CPU
		{913D2F9C-8CB7-46B3-A836-73974FBEEBCB}.Debug|Any CPU.Build.0 = Debug|Any CPU
		{913D2F9C-8CB7-46B3-A836-73974FBEEBCB}.Release|Any CPU.ActiveCfg = Release|Any CPU
		{913D2F9C-8CB7-46B3-A836-73974FBEEBCB}.Release|Any CPU.Build.0 = Release|Any CPU
	EndGlobalSection
	GlobalSection(SolutionProperties) = preSolution
		HideSolutionNode = FALSE
	EndGlobalSection
	GlobalSection(ExtensibilityGlobals) = postSolution
		SolutionGuid = {515CB8ED-DC09-4999-98E1-54A1362B7795}
	EndGlobalSection
EndGlobal
